{
    "name": "envio",
    "version": "1.0.0",
    "lockfileVersion": 3,
    "requires": true,
    "packages": {
        "": {
            "name": "envio",
            "version": "1.0.0",
            "license": "ISC",
            "dependencies": {
                "@envio-dev/hypersync-client": "^0.1.10"
            },
            "devDependencies": {
                "@types/node": "^20.12.11",
                "typescript": "^5.4.5"
            }
        },
        "node_modules/@envio-dev/hypersync-client": {
            "version": "0.1.10",
            "resolved": "https://registry.npmjs.org/@envio-dev/hypersync-client/-/hypersync-client-0.1.10.tgz",
            "integrity": "sha512-SKz6ZFUv8XGUkC82x+RqGz8yIBRy+9zWZJBB0D/lSrgYlP4v9cAR8faQopyMbcwz655f53Nh9N1GOuBZDd1QPA==",
            "engines": {
                "node": ">= 10"
            },
            "optionalDependencies": {
                "@envio-dev/hypersync-client-darwin-arm64": "0.1.10",
                "@envio-dev/hypersync-client-darwin-x64": "0.1.10",
                "@envio-dev/hypersync-client-linux-arm64-gnu": "0.1.10",
                "@envio-dev/hypersync-client-linux-x64-gnu": "0.1.10",
                "@envio-dev/hypersync-client-linux-x64-musl": "0.1.10",
                "@envio-dev/hypersync-client-win32-x64-msvc": "0.1.10"
            }
        },
        "node_modules/@envio-dev/hypersync-client-darwin-arm64": {
            "version": "0.1.10",
            "resolved": "https://registry.npmjs.org/@envio-dev/hypersync-client-darwin-arm64/-/hypersync-client-darwin-arm64-0.1.10.tgz",
            "integrity": "sha512-dJu9ZlKem0mFPSYNOKh3IpNqBI3ItN0+PfIKy4xKkydyNbSHSB7+UJFzY+i9huzWc5i85Qo+c48DHc1bgd+ZsQ==",
            "cpu": [
                "arm64"
            ],
            "optional": true,
            "os": [
                "darwin"
            ],
            "engines": {
                "node": ">= 10"
            }
        },
        "node_modules/@envio-dev/hypersync-client-darwin-x64": {
            "version": "0.1.10",
            "resolved": "https://registry.npmjs.org/@envio-dev/hypersync-client-darwin-x64/-/hypersync-client-darwin-x64-0.1.10.tgz",
            "integrity": "sha512-0nRdk9bjFdY8cus3LUwUchSswV1sFdcAhwLqzD/8/6x8I3gGuc7MuoLMLqc0SHIlTOFO7bhKlivb/Y+9a2Bw0Q==",
            "cpu": [
                "x64"
            ],
            "optional": true,
            "os": [
                "darwin"
            ],
            "engines": {
                "node": ">= 10"
            }
        },
        "node_modules/@envio-dev/hypersync-client-linux-arm64-gnu": {
            "version": "0.1.10",
            "resolved": "https://registry.npmjs.org/@envio-dev/hypersync-client-linux-arm64-gnu/-/hypersync-client-linux-arm64-gnu-0.1.10.tgz",
            "integrity": "sha512-+P1HQ0JPIufnBl/+GS7z03Sh4IwRfg3rRCOMF8qN4S9KzUNGHMsVRbOsJ8SICS+cSIoueCGC3Jmo/Oe62MaHBg==",
            "cpu": [
                "arm64"
            ],
            "optional": true,
            "os": [
                "linux"
            ],
            "engines": {
                "node": ">= 10"
            }
        },
        "node_modules/@envio-dev/hypersync-client-linux-x64-gnu": {
            "version": "0.1.10",
            "resolved": "https://registry.npmjs.org/@envio-dev/hypersync-client-linux-x64-gnu/-/hypersync-client-linux-x64-gnu-0.1.10.tgz",
            "integrity": "sha512-5D8B2AUfvNBcsl/+BkFWFycOIxLQQ3o7GWJ42SHrUa8LVr6meLvTfU1GH/GfDtuZxi8xgBxs6rKilPmloZ3TtA==",
            "cpu": [
                "x64"
            ],
            "optional": true,
            "os": [
                "linux"
            ],
            "engines": {
                "node": ">= 10"
            }
        },
        "node_modules/@envio-dev/hypersync-client-linux-x64-musl": {
            "version": "0.1.10",
            "resolved": "https://registry.npmjs.org/@envio-dev/hypersync-client-linux-x64-musl/-/hypersync-client-linux-x64-musl-0.1.10.tgz",
            "integrity": "sha512-u10yDDdPATqQwYUdXBTRcBDks51Ig53cjoqgt9zqro/m2Vh/Nknb+kATmF/AaO1TpJlmXnljuWJ+x6Ol5Eea3g==",
            "cpu": [
                "x64"
            ],
            "optional": true,
            "os": [
                "linux"
            ],
            "engines": {
                "node": ">= 10"
            }
        },
        "node_modules/@envio-dev/hypersync-client-win32-x64-msvc": {
            "version": "0.1.10",
            "resolved": "https://registry.npmjs.org/@envio-dev/hypersync-client-win32-x64-msvc/-/hypersync-client-win32-x64-msvc-0.1.10.tgz",
            "integrity": "sha512-qJwanO+v3O78vH467Bj3E4InHF9i/hc7S3wMW7vboXkUPFVPXsG+pB8yfpESl04Kf6MlWsR7vaBvIodxVFhCgQ==",
            "cpu": [
                "x64"
            ],
            "optional": true,
            "os": [
                "win32"
            ],
            "engines": {
                "node": ">= 10"
            }
        },
        "node_modules/@types/node": {
            "version": "20.12.11",
            "resolved": "https://registry.npmjs.org/@types/node/-/node-20.12.11.tgz",
            "integrity": "sha512-vDg9PZ/zi+Nqp6boSOT7plNuthRugEKixDv5sFTIpkE89MmNtEArAShI4mxuX2+UrLEe9pxC1vm2cjm9YlWbJw==",
            "dev": true,
            "dependencies": {
                "undici-types": "~5.26.4"
            }
        },
        "node_modules/typescript": {
            "version": "5.4.5",
            "resolved": "https://registry.npmjs.org/typescript/-/typescript-5.4.5.tgz",
            "integrity": "sha512-vcI4UpRgg81oIRUFwR0WSIHKt11nJ7SAVlYNIu+QpqeyXP+gpQJy/Z4+F0aGxSE4MqwjyXvW/TzgkLAx2AGHwQ==",
            "dev": true,
            "bin": {
                "tsc": "bin/tsc",
                "tsserver": "bin/tsserver"
            },
            "engines": {
                "node": ">=14.17"
            }
        },
        "node_modules/undici-types": {
            "version": "5.26.5",
            "resolved": "https://registry.npmjs.org/undici-types/-/undici-types-5.26.5.tgz",
            "integrity": "sha512-JlCMO+ehdEIKqlFxk6IfVoAUVmgz7cU7zD/h9XZ0qzeosSHmUJVOzSQvvYSYWXkFXC+IfLKSIffhv0sVZup6pA==",
            "dev": true
        }
    }
}
